{
  "name": "scripts",
  "lockfileVersion": 2,
  "requires": true,
  "packages": {
    "": {
      "dependencies": {
        "@thi.ng/morton": "^3.1.47"
      }
    },
    "node_modules/@thi.ng/api": {
      "version": "8.9.5",
      "resolved": "https://registry.npmjs.org/@thi.ng/api/-/api-8.9.5.tgz",
      "integrity": "sha512-8rh1FypiQHzF/pDWqvvlRfRdr78nZe9n3HxbL5Swx9gFDfkU/ZIavW+8uLk8uZFAwnlkMnCOBeVsZEtIsqrVLw==",
      "funding": [
        {
          "type": "github",
          "url": "https://github.com/sponsors/postspectacular"
        },
        {
          "type": "patreon",
          "url": "https://patreon.com/thing_umbrella"
        }
      ],
      "engines": {
        "node": ">=12.7"
      }
    },
    "node_modules/@thi.ng/binary": {
      "version": "3.3.33",
      "resolved": "https://registry.npmjs.org/@thi.ng/binary/-/binary-3.3.33.tgz",
      "integrity": "sha512-ZquZDGuXrpa/hO5/X534Su+8dkjpgtS+nJRtmgsa2g288/1CaehsAGSKchCqO0asX9gUxTpbpuIJFPcQoJr6yw==",
      "funding": [
        {
          "type": "github",
          "url": "https://github.com/sponsors/postspectacular"
        },
        {
          "type": "patreon",
          "url": "https://patreon.com/thing_umbrella"
        }
      ],
      "dependencies": {
        "@thi.ng/api": "^8.9.5"
      },
      "engines": {
        "node": ">=12.7"
      }
    },
    "node_modules/@thi.ng/errors": {
      "version": "2.3.5",
      "resolved": "https://registry.npmjs.org/@thi.ng/errors/-/errors-2.3.5.tgz",
      "integrity": "sha512-WH2p02goxTCF11p8H/4VIl8RmPZ7rJ00ogFOrQX7mO3zxi1/vTqygR7sVuJszlx5a5eOrMglNivyqNZwr912cg==",
      "funding": [
        {
          "type": "github",
          "url": "https://github.com/sponsors/postspectacular"
        },
        {
          "type": "patreon",
          "url": "https://patreon.com/thing_umbrella"
        }
      ],
      "engines": {
        "node": ">=12.7"
      }
    },
    "node_modules/@thi.ng/math": {
      "version": "5.6.2",
      "resolved": "https://registry.npmjs.org/@thi.ng/math/-/math-5.6.2.tgz",
      "integrity": "sha512-qjRihfyyW1UyPjNhK4Xs/lOF320yaVdn3cjKFycPJ/HoPyHmPmVaKX0A3bWswhB5VjK3UnKMgk4P1XUGK8tAmg==",
      "funding": [
        {
          "type": "github",
          "url": "https://github.com/sponsors/postspectacular"
        },
        {
          "type": "patreon",
          "url": "https://patreon.com/thing_umbrella"
        }
      ],
      "dependencies": {
        "@thi.ng/api": "^8.9.5"
      },
      "engines": {
        "node": ">=12.7"
      }
    },
    "node_modules/@thi.ng/morton": {
      "version": "3.1.47",
      "resolved": "https://registry.npmjs.org/@thi.ng/morton/-/morton-3.1.47.tgz",
      "integrity": "sha512-2GZXx/3QdAQR6zsYKK7xlZeuXLpIMgkVm0/I7mSNbmRRzCuleoYp84Ni/p/Y9E0br94PDaZ5Z1BUyQwkr2wjag==",
      "funding": [
        {
          "type": "github",
          "url": "https://github.com/sponsors/postspectacular"
        },
        {
          "type": "patreon",
          "url": "https://patreon.com/thing_umbrella"
        }
      ],
      "dependencies": {
        "@thi.ng/api": "^8.9.5",
        "@thi.ng/binary": "^3.3.33",
        "@thi.ng/errors": "^2.3.5",
        "@thi.ng/math": "^5.6.2"
      },
      "engines": {
        "node": ">=12.7"
      }
    }
  },
  "dependencies": {
    "@thi.ng/api": {
      "version": "8.9.5",
      "resolved": "https://registry.npmjs.org/@thi.ng/api/-/api-8.9.5.tgz",
      "integrity": "sha512-8rh1FypiQHzF/pDWqvvlRfRdr78nZe9n3HxbL5Swx9gFDfkU/ZIavW+8uLk8uZFAwnlkMnCOBeVsZEtIsqrVLw=="
    },
    "@thi.ng/binary": {
      "version": "3.3.33",
      "resolved": "https://registry.npmjs.org/@thi.ng/binary/-/binary-3.3.33.tgz",
      "integrity": "sha512-ZquZDGuXrpa/hO5/X534Su+8dkjpgtS+nJRtmgsa2g288/1CaehsAGSKchCqO0asX9gUxTpbpuIJFPcQoJr6yw==",
      "requires": {
        "@thi.ng/api": "^8.9.5"
      }
    },
    "@thi.ng/errors": {
      "version": "2.3.5",
      "resolved": "https://registry.npmjs.org/@thi.ng/errors/-/errors-2.3.5.tgz",
      "integrity": "sha512-WH2p02goxTCF11p8H/4VIl8RmPZ7rJ00ogFOrQX7mO3zxi1/vTqygR7sVuJszlx5a5eOrMglNivyqNZwr912cg=="
    },
    "@thi.ng/math": {
      "version": "5.6.2",
      "resolved": "https://registry.npmjs.org/@thi.ng/math/-/math-5.6.2.tgz",
      "integrity": "sha512-qjRihfyyW1UyPjNhK4Xs/lOF320yaVdn3cjKFycPJ/HoPyHmPmVaKX0A3bWswhB5VjK3UnKMgk4P1XUGK8tAmg==",
      "requires": {
        "@thi.ng/api": "^8.9.5"
      }
    },
    "@thi.ng/morton": {
      "version": "3.1.47",
      "resolved": "https://registry.npmjs.org/@thi.ng/morton/-/morton-3.1.47.tgz",
      "integrity": "sha512-2GZXx/3QdAQR6zsYKK7xlZeuXLpIMgkVm0/I7mSNbmRRzCuleoYp84Ni/p/Y9E0br94PDaZ5Z1BUyQwkr2wjag==",
      "requires": {
        "@thi.ng/api": "^8.9.5",
        "@thi.ng/binary": "^3.3.33",
        "@thi.ng/errors": "^2.3.5",
        "@thi.ng/math": "^5.6.2"
      }
    }
  }
}
